PODS:
  - Alamofire (5.4.3)
  - Differentiator (5.0.0)
  - GoogleMaps (5.1.0):
    - GoogleMaps/Maps (= 5.1.0)
  - GoogleMaps/Base (5.1.0)
  - GoogleMaps/Maps (5.1.0):
    - GoogleMaps/Base
  - PhoneNumberKit (3.3.3):
    - PhoneNumberKit/PhoneNumberKitCore (= 3.3.3)
    - PhoneNumberKit/UIKit (= 3.3.3)
  - PhoneNumberKit/PhoneNumberKitCore (3.3.3)
  - PhoneNumberKit/UIKit (3.3.3):
    - PhoneNumberKit/PhoneNumberKitCore
  - RxCocoa (6.2.0):
    - RxRelay (= 6.2.0)
    - RxSwift (= 6.2.0)
  - RxDataSources (5.0.0):
    - Differentiator (~> 5.0)
    - RxCocoa (~> 6.0)
    - RxSwift (~> 6.0)
  - RxRelay (6.2.0):
    - RxSwift (= 6.2.0)
  - RxSwift (6.2.0)
  - RxSwiftExt (6.0.1):
    - RxSwiftExt/Core (= 6.0.1)
    - RxSwiftExt/RxCocoa (= 6.0.1)
  - RxSwiftExt/Core (6.0.1):
    - RxSwift (~> 6.0)
  - RxSwiftExt/RxCocoa (6.0.1):
    - RxCocoa (~> 6.0)
    - RxSwiftExt/Core
  - SDWebImage (5.11.1):
    - SDWebImage/Core (= 5.11.1)
  - SDWebImage/Core (5.11.1)
  - SwiftyGif (5.4.0)
  - YAPComponents (0.1.0):
    - GoogleMaps
    - PhoneNumberKit
    - RxCocoa
    - RxDataSources
    - RxSwift
    - RxSwiftExt
    - SDWebImage
    - SwiftyGif
  - YAPPakistan (0.1.0):
    - Alamofire
    - YAPComponents

DEPENDENCIES:
  - YAPComponents (from `../YAPComponents`)
  - YAPPakistan (from `../`)

SPEC REPOS:
  trunk:
    - Alamofire
    - Differentiator
    - GoogleMaps
    - PhoneNumberKit
    - RxCocoa
    - RxDataSources
    - RxRelay
    - RxSwift
    - RxSwiftExt
    - SDWebImage
    - SwiftyGif

EXTERNAL SOURCES:
  YAPComponents:
    :path: "../YAPComponents"
  YAPPakistan:
    :path: "../"

SPEC CHECKSUMS:
  Alamofire: e447a2774a40c996748296fa2c55112fdbbc42f9
  Differentiator: e8497ceab83c1b10ca233716d547b9af21b9344d
  GoogleMaps: 086ae1dab659eaa7339bdb30fc88e2f44e7c597c
  PhoneNumberKit: 4ce83273551c4d2ae10b7361162f4283dd02835f
  RxCocoa: 4baf94bb35f2c0ab31bc0cb9f1900155f646ba42
  RxDataSources: aa47cc1ed6c500fa0dfecac5c979b723542d79cf
  RxRelay: e72dbfd157807478401ef1982e1c61c945c94b2f
  RxSwift: d356ab7bee873611322f134c5f9ef379fa183d8f
  RxSwiftExt: d61c4b9b06e0a448041b1c659e0f1b5c5a035afc
  SDWebImage: a7f831e1a65eb5e285e3fb046a23fcfbf08e696d
  SwiftyGif: 5d4af95df24caf1c570dbbcb32a3b8a0763bc6d7
  YAPComponents: abb5a3c49eed92f3ce35d51d9dbbe93c0a5fd191
  YAPPakistan: 851ee75b93d89e6ff94e5901450f98a0de7d0c51

PODFILE CHECKSUM: 0248c44c57016253a4414af0b1e4cebed4159be9

COCOAPODS: 1.10.1
