PODS:
  - Adjust (4.29.5):
    - Adjust/Core (= 4.29.5)
  - Adjust/Core (4.29.5)
  - Alamofire (5.4.3)
  - CardScanner (1.2.2)
  - Differentiator (5.0.0)
  - HWPanModal (0.8.9)
  - PhoneNumberKit (3.3.3):
    - PhoneNumberKit/PhoneNumberKitCore (= 3.3.3)
    - PhoneNumberKit/UIKit (= 3.3.3)
  - PhoneNumberKit/PhoneNumberKitCore (3.3.3)
  - PhoneNumberKit/UIKit (3.3.3):
    - PhoneNumberKit/PhoneNumberKitCore
  - RxCocoa (6.2.0):
    - RxRelay (= 6.2.0)
    - RxSwift (= 6.2.0)
  - RxDataSources (5.0.0):
    - Differentiator (~> 5.0)
    - RxCocoa (~> 6.0)
    - RxSwift (~> 6.0)
  - RxGesture (4.0.2):
    - RxCocoa (~> 6.0)
    - RxSwift (~> 6.0)
  - RxOptional (5.0.2):
    - RxCocoa (~> 6.0)
    - RxSwift (~> 6.0)
  - RxRelay (6.2.0):
    - RxSwift (= 6.2.0)
  - RxSwift (6.2.0)
  - RxSwiftExt (6.0.1):
    - RxSwiftExt/Core (= 6.0.1)
    - RxSwiftExt/RxCocoa (= 6.0.1)
  - RxSwiftExt/Core (6.0.1):
    - RxSwift (~> 6.0)
  - RxSwiftExt/RxCocoa (6.0.1):
    - RxCocoa (~> 6.0)
    - RxSwiftExt/Core
  - RxTheme (5.0.4):
    - RxCocoa (~> 6.0)
    - RxSwift (~> 6.0)
  - SDWebImage (5.11.1):
    - SDWebImage/Core (= 5.11.1)
  - SDWebImage/Core (5.11.1)
  - SwifterSwift (5.2.0):
    - SwifterSwift/AppKit (= 5.2.0)
    - SwifterSwift/CoreAnimation (= 5.2.0)
    - SwifterSwift/CoreGraphics (= 5.2.0)
    - SwifterSwift/CoreLocation (= 5.2.0)
    - SwifterSwift/Dispatch (= 5.2.0)
    - SwifterSwift/Foundation (= 5.2.0)
    - SwifterSwift/MapKit (= 5.2.0)
    - SwifterSwift/SceneKit (= 5.2.0)
    - SwifterSwift/SpriteKit (= 5.2.0)
    - SwifterSwift/StoreKit (= 5.2.0)
    - SwifterSwift/SwiftStdlib (= 5.2.0)
    - SwifterSwift/UIKit (= 5.2.0)
  - SwifterSwift/AppKit (5.2.0)
  - SwifterSwift/CoreAnimation (5.2.0)
  - SwifterSwift/CoreGraphics (5.2.0)
  - SwifterSwift/CoreLocation (5.2.0)
  - SwifterSwift/Dispatch (5.2.0)
  - SwifterSwift/Foundation (5.2.0)
  - SwifterSwift/MapKit (5.2.0)
  - SwifterSwift/SceneKit (5.2.0)
  - SwifterSwift/SpriteKit (5.2.0)
  - SwifterSwift/StoreKit (5.2.0)
  - SwifterSwift/SwiftStdlib (5.2.0)
  - SwifterSwift/UIKit (5.2.0)
  - SwiftyGif (5.4.0)
  - YAPComponents (0.1.0)
  - YAPCore (0.0.1):
    - RxSwift (= 6.2.0)
    - RxSwiftExt (= 6.0.1)
  - YAPPakistan (0.1.0):
    - Adjust (= 4.29.5)
    - Alamofire (= 5.4.3)
    - CardScanner
    - HWPanModal (= 0.8.9)
    - PhoneNumberKit (= 3.3.3)
    - RxCocoa (= 6.2.0)
    - RxDataSources (= 5.0.0)
    - RxGesture (= 4.0.2)
    - RxOptional (= 5.0.2)
    - RxSwift (= 6.2.0)
    - RxSwiftExt (= 6.0.1)
    - RxTheme (= 5.0.4)
    - SDWebImage (= 5.11.1)
    - SwifterSwift (= 5.2.0)
    - SwiftyGif (= 5.4.0)
    - YAPComponents
    - YAPCore

DEPENDENCIES:
  - YAPComponents (from `../YAPComponents`)
  - YAPCore (from `../YAPCore`)
  - YAPPakistan (from `../`)

SPEC REPOS:
  https://bitbucket.org/mb28/privatetrunk.git:
    - CardScanner
  trunk:
    - Adjust
    - Alamofire
    - Differentiator
    - HWPanModal
    - PhoneNumberKit
    - RxCocoa
    - RxDataSources
    - RxGesture
    - RxOptional
    - RxRelay
    - RxSwift
    - RxSwiftExt
    - RxTheme
    - SDWebImage
    - SwifterSwift
    - SwiftyGif

EXTERNAL SOURCES:
  YAPComponents:
    :path: "../YAPComponents"
  YAPCore:
    :path: "../YAPCore"
  YAPPakistan:
    :path: "../"

SPEC CHECKSUMS:
  Adjust: 5cab100ac05eebde8141b48a2acffd6b5ce0564b
  Alamofire: e447a2774a40c996748296fa2c55112fdbbc42f9
  CardScanner: 7ca407023270f72788fe0e664de5d99b0bd7baf5
  Differentiator: e8497ceab83c1b10ca233716d547b9af21b9344d
  HWPanModal: 259f6916c706b3f63003a325ad1bdfbe913b0fdc
  PhoneNumberKit: 4ce83273551c4d2ae10b7361162f4283dd02835f
  RxCocoa: 4baf94bb35f2c0ab31bc0cb9f1900155f646ba42
  RxDataSources: aa47cc1ed6c500fa0dfecac5c979b723542d79cf
  RxGesture: f059f2aeef966fb17dad56ee440e76410f10e55f
  RxOptional: 3664964c96b69dd20c9cf78bdfe546615e26eca8
  RxRelay: e72dbfd157807478401ef1982e1c61c945c94b2f
  RxSwift: d356ab7bee873611322f134c5f9ef379fa183d8f
  RxSwiftExt: d61c4b9b06e0a448041b1c659e0f1b5c5a035afc
  RxTheme: ff66d4e8f8947a5b0ffc776e04f0fef85526011b
  SDWebImage: a7f831e1a65eb5e285e3fb046a23fcfbf08e696d
  SwifterSwift: 334181863c416882d97b7a60c05054d9e4d799e2
  SwiftyGif: 5d4af95df24caf1c570dbbcb32a3b8a0763bc6d7
  YAPComponents: 973a1d656d519b7de5e0f2bbc5bdba4466014b60
  YAPCore: 0557b67171d41c611085fcaa8a885e9a29552744
  YAPPakistan: 91eb950704a0db39828815da1e3baf1ff4faa2b3

PODFILE CHECKSUM: c55282bf4c906c05daa1f870ba67bd7b0cdccdbf

COCOAPODS: 1.10.1
